
Microsoft Visual Studio Solution File, Format Version 12.00
# Visual Studio Version 17
VisualStudioVersion = 17.8.34309.116
MinimumVisualStudioVersion = 10.0.40219.1
Project("{FAE04EC0-301F-11D3-BF4B-00C04F79EFBC}") = "CRUDHikerAppXamarin", "CRUDHikerAppXamarin\CRUDHikerAppXamarin.csproj", "{2F61ED77-F9F3-40BB-8497-720E774BF84D}"
EndProject
Global
	GlobalSection(SolutionConfigurationPlatforms) = preSolution
		Debug|Any CPU = Debug|Any CPU
		Release|Any CPU = Release|Any CPU
	EndGlobalSection
	GlobalSection(ProjectConfigurationPlatforms) = postSolution
		{2F61ED77-F9F3-40BB-8497-720E774BF84D}.Debug|Any CPU.ActiveCfg = Debug|Any CPU
		{2F61ED77-F9F3-40BB-8497-720E774BF84D}.Debug|Any CPU.Build.0 = Debug|Any CPU
		{2F61ED77-F9F3-40BB-8497-720E774BF84D}.Debug|Any CPU.Deploy.0 = Debug|Any CPU
		{2F61ED77-F9F3-40BB-8497-720E774BF84D}.Release|Any CPU.ActiveCfg = Release|Any CPU
		{2F61ED77-F9F3-40BB-8497-720E774BF84D}.Release|Any CPU.Build.0 = Release|Any CPU
		{2F61ED77-F9F3-40BB-8497-720E774BF84D}.Release|Any CPU.Deploy.0 = Release|Any CPU
	EndGlobalSection
	GlobalSection(SolutionProperties) = preSolution
		HideSolutionNode = FALSE
	EndGlobalSection
	GlobalSection(ExtensibilityGlobals) = postSolution
		SolutionGuid = {A926D2C7-3250-4C08-BD5B-A8E4F0727B62}
	EndGlobalSection
EndGlobal
